
Microsoft Visual Studio Solution File, Format Version 12.00
# Visual Studio Version 17
VisualStudioVersion = 17.0.31903.59
MinimumVisualStudioVersion = 10.0.40219.1
Project("{2150E333-8FDC-42A3-9474-1A3956D46DE8}") = "src", "src", "{213BB826-1713-46BB-AFA4-AC1189CE2910}"
EndProject
Project("{2150E333-8FDC-42A3-9474-1A3956D46DE8}") = "Shared", "Shared", "{132888F5-91BF-478E-B934-1585C9FD90DB}"
EndProject
Project("{2150E333-8FDC-42A3-9474-1A3956D46DE8}") = "tests", "tests", "{826AD2C4-E157-41ED-B089-BCADB3287550}"
EndProject
Project("{2150E333-8FDC-42A3-9474-1A3956D46DE8}") = "Services", "Services", "{3F8954F0-8F28-4901-A2DD-4FB2BDEF1C80}"
EndProject
Project("{2150E333-8FDC-42A3-9474-1A3956D46DE8}") = "Functions", "Functions", "{4401ECC1-F3EE-44B1-9764-F64C87338CC6}"
EndProject
Project("{2150E333-8FDC-42A3-9474-1A3956D46DE8}") = "Admin", "Admin", "{63B00A78-1DB8-48E9-8468-9BAD60D78D63}"
EndProject
Project("{2150E333-8FDC-42A3-9474-1A3956D46DE8}") = "Core", "Core", "{E35E0172-64D4-4B87-86CA-ACE6066889EB}"
EndProject
Project("{2150E333-8FDC-42A3-9474-1A3956D46DE8}") = "Auth", "Auth", "{2E611EEC-2B03-4CD2-86A8-31357AA3B419}"
EndProject
Project("{2150E333-8FDC-42A3-9474-1A3956D46DE8}") = "ProductService", "ProductService", "{4A68FAA0-D733-4716-85D1-61C9E4E7D925}"
EndProject
Project("{2150E333-8FDC-42A3-9474-1A3956D46DE8}") = "OrderService", "OrderService", "{9444F589-B168-47D0-82F0-704926DFB341}"
EndProject
Project("{2150E333-8FDC-42A3-9474-1A3956D46DE8}") = "ApiGateway", "ApiGateway", "{9A1497D7-14EB-4FF6-8146-12EF70013FBC}"
EndProject
Project("{2150E333-8FDC-42A3-9474-1A3956D46DE8}") = "AdminService", "AdminService", "{92CBED7C-6181-4C15-BEB4-2C135B7A0CE6}"
EndProject
Project("{9A19103F-16F7-4668-BE54-9A1E7A4F7556}") = "Shared.Core", "Shared.Core\Shared.Core.csproj", "{5D31E0D4-58A5-448D-908E-DA42FE8E2BD6}"
EndProject
Project("{9A19103F-16F7-4668-BE54-9A1E7A4F7556}") = "Shared.Auth", "Shared.Auth\Shared.Auth.csproj", "{5FD8645A-9A38-4F75-B380-FC680AC03691}"
EndProject
Project("{9A19103F-16F7-4668-BE54-9A1E7A4F7556}") = "ProductService.Domain", "ProductService.Domain\ProductService.Domain.csproj", "{CD4AB867-CC94-47BD-B2A9-3379A4A5AE17}"
EndProject
Project("{9A19103F-16F7-4668-BE54-9A1E7A4F7556}") = "ProductService.Application", "ProductService.Application\ProductService.Application.csproj", "{8F3DA856-6C36-4BA2-B335-E8F8861ED75B}"
EndProject
Project("{9A19103F-16F7-4668-BE54-9A1E7A4F7556}") = "ProductService.Infrastructure", "ProductService.Infrastructure\ProductService.Infrastructure.csproj", "{A2801754-3CAA-462D-A4E7-401A130E553E}"
EndProject
Project("{9A19103F-16F7-4668-BE54-9A1E7A4F7556}") = "ProductService.Api", "ProductService.Api\ProductService.Api.csproj", "{88ABEA3C-6FB0-4821-8C30-9721BB48B8E7}"
EndProject
Project("{9A19103F-16F7-4668-BE54-9A1E7A4F7556}") = "OrderService.Domain", "OrderService.Domain\OrderService.Domain.csproj", "{0E759B00-3383-4BCE-B7AF-D6EC4BF9BCE4}"
EndProject
Project("{9A19103F-16F7-4668-BE54-9A1E7A4F7556}") = "OrderService.Application", "OrderService.Application\OrderService.Application.csproj", "{8DE4DA6F-65F6-4227-843D-4EAC0BB7D760}"
EndProject
Project("{9A19103F-16F7-4668-BE54-9A1E7A4F7556}") = "OrderService.Infrastructure", "OrderService.Infrastructure\OrderService.Infrastructure.csproj", "{BE9922E8-560F-49B3-8153-0322761E2D1D}"
EndProject
Project("{9A19103F-16F7-4668-BE54-9A1E7A4F7556}") = "OrderService.Api", "OrderService.Api\OrderService.Api.csproj", "{55A07DCB-9B71-4D84-8977-263DDA2A8DDA}"
EndProject
Project("{9A19103F-16F7-4668-BE54-9A1E7A4F7556}") = "ApiGateway", "ApiGateway\ApiGateway.csproj", "{0EBF6FF3-08B4-41E1-8F3F-3DA8C517A7A2}"
EndProject
Project("{9A19103F-16F7-4668-BE54-9A1E7A4F7556}") = "AdminService.Api", "AdminService.Api\AdminService.Api.csproj", "{CD35AE2D-BF56-4E4E-B8FC-A23FAC5D49F2}"
EndProject
Project("{9A19103F-16F7-4668-BE54-9A1E7A4F7556}") = "OrderProcessor.Function", "OrderProcessor.Function\OrderProcessor.Function.csproj", "{526F0EF2-CB79-4BC6-9F82-82883E87D4EF}"
EndProject
Global
	GlobalSection(SolutionConfigurationPlatforms) = preSolution
		Debug|Any CPU = Debug|Any CPU
		Release|Any CPU = Release|Any CPU
	EndGlobalSection
	GlobalSection(ProjectConfigurationPlatforms) = postSolution
		{5D31E0D4-58A5-448D-908E-DA42FE8E2BD6}.Debug|Any CPU.ActiveCfg = Debug|Any CPU
		{5D31E0D4-58A5-448D-908E-DA42FE8E2BD6}.Debug|Any CPU.Build.0 = Debug|Any CPU
		{5D31E0D4-58A5-448D-908E-DA42FE8E2BD6}.Release|Any CPU.ActiveCfg = Release|Any CPU
		{5D31E0D4-58A5-448D-908E-DA42FE8E2BD6}.Release|Any CPU.Build.0 = Release|Any CPU
		{5FD8645A-9A38-4F75-B380-FC680AC03691}.Debug|Any CPU.ActiveCfg = Debug|Any CPU
		{5FD8645A-9A38-4F75-B380-FC680AC03691}.Debug|Any CPU.Build.0 = Debug|Any CPU
		{5FD8645A-9A38-4F75-B380-FC680AC03691}.Release|Any CPU.ActiveCfg = Release|Any CPU
		{5FD8645A-9A38-4F75-B380-FC680AC03691}.Release|Any CPU.Build.0 = Release|Any CPU
		{CD4AB867-CC94-47BD-B2A9-3379A4A5AE17}.Debug|Any CPU.ActiveCfg = Debug|Any CPU
		{CD4AB867-CC94-47BD-B2A9-3379A4A5AE17}.Debug|Any CPU.Build.0 = Debug|Any CPU
		{CD4AB867-CC94-47BD-B2A9-3379A4A5AE17}.Release|Any CPU.ActiveCfg = Release|Any CPU
		{CD4AB867-CC94-47BD-B2A9-3379A4A5AE17}.Release|Any CPU.Build.0 = Release|Any CPU
		{8F3DA856-6C36-4BA2-B335-E8F8861ED75B}.Debug|Any CPU.ActiveCfg = Debug|Any CPU
		{8F3DA856-6C36-4BA2-B335-E8F8861ED75B}.Debug|Any CPU.Build.0 = Debug|Any CPU
		{8F3DA856-6C36-4BA2-B335-E8F8861ED75B}.Release|Any CPU.ActiveCfg = Release|Any CPU
		{8F3DA856-6C36-4BA2-B335-E8F8861ED75B}.Release|Any CPU.Build.0 = Release|Any CPU
		{A2801754-3CAA-462D-A4E7-401A130E553E}.Debug|Any CPU.ActiveCfg = Debug|Any CPU
		{A2801754-3CAA-462D-A4E7-401A130E553E}.Debug|Any CPU.Build.0 = Debug|Any CPU
		{A2801754-3CAA-462D-A4E7-401A130E553E}.Release|Any CPU.ActiveCfg = Release|Any CPU
		{A2801754-3CAA-462D-A4E7-401A130E553E}.Release|Any CPU.Build.0 = Release|Any CPU
		{88ABEA3C-6FB0-4821-8C30-9721BB48B8E7}.Debug|Any CPU.ActiveCfg = Debug|Any CPU
		{88ABEA3C-6FB0-4821-8C30-9721BB48B8E7}.Debug|Any CPU.Build.0 = Debug|Any CPU
		{88ABEA3C-6FB0-4821-8C30-9721BB48B8E7}.Release|Any CPU.ActiveCfg = Release|Any CPU
		{88ABEA3C-6FB0-4821-8C30-9721BB48B8E7}.Release|Any CPU.Build.0 = Release|Any CPU
		{0E759B00-3383-4BCE-B7AF-D6EC4BF9BCE4}.Debug|Any CPU.ActiveCfg = Debug|Any CPU
		{0E759B00-3383-4BCE-B7AF-D6EC4BF9BCE4}.Debug|Any CPU.Build.0 = Debug|Any CPU
		{0E759B00-3383-4BCE-B7AF-D6EC4BF9BCE4}.Release|Any CPU.ActiveCfg = Release|Any CPU
		{0E759B00-3383-4BCE-B7AF-D6EC4BF9BCE4}.Release|Any CPU.Build.0 = Release|Any CPU
		{8DE4DA6F-65F6-4227-843D-4EAC0BB7D760}.Debug|Any CPU.ActiveCfg = Debug|Any CPU
		{8DE4DA6F-65F6-4227-843D-4EAC0BB7D760}.Debug|Any CPU.Build.0 = Debug|Any CPU
		{8DE4DA6F-65F6-4227-843D-4EAC0BB7D760}.Release|Any CPU.ActiveCfg = Release|Any CPU
		{8DE4DA6F-65F6-4227-843D-4EAC0BB7D760}.Release|Any CPU.Build.0 = Release|Any CPU
		{BE9922E8-560F-49B3-8153-0322761E2D1D}.Debug|Any CPU.ActiveCfg = Debug|Any CPU
		{BE9922E8-560F-49B3-8153-0322761E2D1D}.Debug|Any CPU.Build.0 = Debug|Any CPU
		{BE9922E8-560F-49B3-8153-0322761E2D1D}.Release|Any CPU.ActiveCfg = Release|Any CPU
		{BE9922E8-560F-49B3-8153-0322761E2D1D}.Release|Any CPU.Build.0 = Release|Any CPU
		{55A07DCB-9B71-4D84-8977-263DDA2A8DDA}.Debug|Any CPU.ActiveCfg = Debug|Any CPU
		{55A07DCB-9B71-4D84-8977-263DDA2A8DDA}.Debug|Any CPU.Build.0 = Debug|Any CPU
		{55A07DCB-9B71-4D84-8977-263DDA2A8DDA}.Release|Any CPU.ActiveCfg = Release|Any CPU
		{55A07DCB-9B71-4D84-8977-263DDA2A8DDA}.Release|Any CPU.Build.0 = Release|Any CPU
		{0EBF6FF3-08B4-41E1-8F3F-3DA8C517A7A2}.Debug|Any CPU.ActiveCfg = Debug|Any CPU
		{0EBF6FF3-08B4-41E1-8F3F-3DA8C517A7A2}.Debug|Any CPU.Build.0 = Debug|Any CPU
		{0EBF6FF3-08B4-41E1-8F3F-3DA8C517A7A2}.Release|Any CPU.ActiveCfg = Release|Any CPU
		{0EBF6FF3-08B4-41E1-8F3F-3DA8C517A7A2}.Release|Any CPU.Build.0 = Release|Any CPU
		{CD35AE2D-BF56-4E4E-B8FC-A23FAC5D49F2}.Debug|Any CPU.ActiveCfg = Debug|Any CPU
		{CD35AE2D-BF56-4E4E-B8FC-A23FAC5D49F2}.Debug|Any CPU.Build.0 = Debug|Any CPU
		{CD35AE2D-BF56-4E4E-B8FC-A23FAC5D49F2}.Release|Any CPU.ActiveCfg = Release|Any CPU
		{CD35AE2D-BF56-4E4E-B8FC-A23FAC5D49F2}.Release|Any CPU.Build.0 = Release|Any CPU
		{526F0EF2-CB79-4BC6-9F82-82883E87D4EF}.Debug|Any CPU.ActiveCfg = Debug|Any CPU
		{526F0EF2-CB79-4BC6-9F82-82883E87D4EF}.Debug|Any CPU.Build.0 = Debug|Any CPU
		{526F0EF2-CB79-4BC6-9F82-82883E87D4EF}.Release|Any CPU.ActiveCfg = Release|Any CPU
		{526F0EF2-CB79-4BC6-9F82-82883E87D4EF}.Release|Any CPU.Build.0 = Release|Any CPU
	EndGlobalSection
	GlobalSection(SolutionProperties) = preSolution
		HideSolutionNode = FALSE
	EndGlobalSection
	GlobalSection(NestedProjects) = preSolution
		{132888F5-91BF-478E-B934-1585C9FD90DB} = {213BB826-1713-46BB-AFA4-AC1189CE2910}
		{3F8954F0-8F28-4901-A2DD-4FB2BDEF1C80} = {213BB826-1713-46BB-AFA4-AC1189CE2910}
		{4401ECC1-F3EE-44B1-9764-F64C87338CC6} = {213BB826-1713-46BB-AFA4-AC1189CE2910}
		{63B00A78-1DB8-48E9-8468-9BAD60D78D63} = {213BB826-1713-46BB-AFA4-AC1189CE2910}
		{E35E0172-64D4-4B87-86CA-ACE6066889EB} = {132888F5-91BF-478E-B934-1585C9FD90DB}
		{2E611EEC-2B03-4CD2-86A8-31357AA3B419} = {132888F5-91BF-478E-B934-1585C9FD90DB}
		{4A68FAA0-D733-4716-85D1-61C9E4E7D925} = {3F8954F0-8F28-4901-A2DD-4FB2BDEF1C80}
		{9444F589-B168-47D0-82F0-704926DFB341} = {3F8954F0-8F28-4901-A2DD-4FB2BDEF1C80}
		{9A1497D7-14EB-4FF6-8146-12EF70013FBC} = {3F8954F0-8F28-4901-A2DD-4FB2BDEF1C80}
		{92CBED7C-6181-4C15-BEB4-2C135B7A0CE6} = {3F8954F0-8F28-4901-A2DD-4FB2BDEF1C80}
		{5D31E0D4-58A5-448D-908E-DA42FE8E2BD6} = {E35E0172-64D4-4B87-86CA-ACE6066889EB}
		{5FD8645A-9A38-4F75-B380-FC680AC03691} = {2E611EEC-2B03-4CD2-86A8-31357AA3B419}
		{CD4AB867-CC94-47BD-B2A9-3379A4A5AE17} = {4A68FAA0-D733-4716-85D1-61C9E4E7D925}
		{8F3DA856-6C36-4BA2-B335-E8F8861ED75B} = {4A68FAA0-D733-4716-85D1-61C9E4E7D925}
		{A2801754-3CAA-462D-A4E7-401A130E553E} = {4A68FAA0-D733-4716-85D1-61C9E4E7D925}
		{88ABEA3C-6FB0-4821-8C30-9721BB48B8E7} = {4A68FAA0-D733-4716-85D1-61C9E4E7D925}
		{0E759B00-3383-4BCE-B7AF-D6EC4BF9BCE4} = {9444F589-B168-47D0-82F0-704926DFB341}
		{8DE4DA6F-65F6-4227-843D-4EAC0BB7D760} = {9444F589-B168-47D0-82F0-704926DFB341}
		{BE9922E8-560F-49B3-8153-0322761E2D1D} = {9444F589-B168-47D0-82F0-704926DFB341}
		{55A07DCB-9B71-4D84-8977-263DDA2A8DDA} = {9444F589-B168-47D0-82F0-704926DFB341}
		{0EBF6FF3-08B4-41E1-8F3F-3DA8C517A7A2} = {9A1497D7-14EB-4FF6-8146-12EF70013FBC}
		{CD35AE2D-BF56-4E4E-B8FC-A23FAC5D49F2} = {92CBED7C-6181-4C15-BEB4-2C135B7A0CE6}
		{526F0EF2-CB79-4BC6-9F82-82883E87D4EF} = {4401ECC1-F3EE-44B1-9764-F64C87338CC6}
	EndGlobalSection
	GlobalSection(ExtensibilityGlobals) = postSolution
		SolutionGuid = {8CC89035-84EB-4CFA-8BE2-F6F3128F193F}
	EndGlobalSection
EndGlobal
